
Microsoft Visual Studio Solution File, Format Version 12.00
# Visual Studio Version 17
VisualStudioVersion = 17.4.33110.190
MinimumVisualStudioVersion = 10.0.40219.1
Project("{9A19103F-16F7-4668-BE54-9A1E7A4F7556}") = "Cross", "Cross.csproj", "{F6C1F149-FFAF-40FB-9ABF-C787EB51A67A}"
EndProject
Global
	GlobalSection(SolutionConfigurationPlatforms) = preSolution
		Debug|Any CPU = Debug|Any CPU
		Release|Any CPU = Release|Any CPU
	EndGlobalSection
	GlobalSection(ProjectConfigurationPlatforms) = postSolution
		{F6C1F149-FFAF-40FB-9ABF-C787EB51A67A}.Debug|Any CPU.ActiveCfg = Debug|Any CPU
		{F6C1F149-FFAF-40FB-9ABF-C787EB51A67A}.Debug|Any CPU.Build.0 = Debug|Any CPU
		{F6C1F149-FFAF-40FB-9ABF-C787EB51A67A}.Release|Any CPU.ActiveCfg = Release|Any CPU
		{F6C1F149-FFAF-40FB-9ABF-C787EB51A67A}.Release|Any CPU.Build.0 = Release|Any CPU
		{FF395994-91D9-40F6-A130-8C62982A4D1F}.Debug|Any CPU.ActiveCfg = Debug|Any CPU
		{FF395994-91D9-40F6-A130-8C62982A4D1F}.Debug|Any CPU.Build.0 = Debug|Any CPU
		{FF395994-91D9-40F6-A130-8C62982A4D1F}.Release|Any CPU.ActiveCfg = Release|Any CPU
		{FF395994-91D9-40F6-A130-8C62982A4D1F}.Release|Any CPU.Build.0 = Release|Any CPU
		{070E9A63-6979-431F-9002-E877340CF6A5}.Debug|Any CPU.ActiveCfg = Debug|Any CPU
		{070E9A63-6979-431F-9002-E877340CF6A5}.Debug|Any CPU.Build.0 = Debug|Any CPU
		{070E9A63-6979-431F-9002-E877340CF6A5}.Release|Any CPU.ActiveCfg = Release|Any CPU
		{070E9A63-6979-431F-9002-E877340CF6A5}.Release|Any CPU.Build.0 = Release|Any CPU
	EndGlobalSection
	GlobalSection(SolutionProperties) = preSolution
		HideSolutionNode = FALSE
	EndGlobalSection
	GlobalSection(ExtensibilityGlobals) = postSolution
		SolutionGuid = {D3900699-7937-432F-B7EF-796BF045B09C}
	EndGlobalSection
EndGlobal
